// !$*UTF8*$!
{
	archiveVersion = 1;
	classes = {
	};
	objectVersion = 46;
	objects = {

/* Begin PBXBuildFile section */
		2C7520281EC8DF8300BD8204 /* main.m in Sources */ = {isa = PBXBuildFile; fileRef = 2C7520271EC8DF8300BD8204 /* main.m */; };
		2C75202B1EC8DF8400BD8204 /* AppDelegate.m in Sources */ = {isa = PBXBuildFile; fileRef = 2C75202A1EC8DF8400BD8204 /* AppDelegate.m */; };
		2C7520311EC8DF8400BD8204 /* Main.storyboard in Resources */ = {isa = PBXBuildFile; fileRef = 2C75202F1EC8DF8400BD8204 /* Main.storyboard */; };
		2C7520331EC8DF8400BD8204 /* Assets.xcassets in Resources */ = {isa = PBXBuildFile; fileRef = 2C7520321EC8DF8400BD8204 /* Assets.xcassets */; };
		2C7520361EC8DF8400BD8204 /* LaunchScreen.storyboard in Resources */ = {isa = PBXBuildFile; fileRef = 2C7520341EC8DF8400BD8204 /* LaunchScreen.storyboard */; };
		2C7520451EC8E28B00BD8204 /* SDLiTunesObject.m in Sources */ = {isa = PBXBuildFile; fileRef = 2C7520441EC8E28B00BD8204 /* SDLiTunesObject.m */; };
		2C75204C1EC8E75100BD8204 /* SDLiTunesSearchResultCell.m in Sources */ = {isa = PBXBuildFile; fileRef = 2C75204B1EC8E75100BD8204 /* SDLiTunesSearchResultCell.m */; };
		2C75204F1EC8EB5A00BD8204 /* SDLiTunesSearchController.m in Sources */ = {isa = PBXBuildFile; fileRef = 2C75204E1EC8EB5A00BD8204 /* SDLiTunesSearchController.m */; };
		2C7520521EC8FD6000BD8204 /* SDLSearchViewController.m in Sources */ = {isa = PBXBuildFile; fileRef = 2C7520511EC8FD6000BD8204 /* SDLSearchViewController.m */; };
		2C7520551EC9012000BD8204 /* SDLCancellable.m in Sources */ = {isa = PBXBuildFile; fileRef = 2C7520541EC9012000BD8204 /* SDLCancellable.m */; };
		2C7520581EC9045B00BD8204 /* UIAlertController+Quickie.m in Sources */ = {isa = PBXBuildFile; fileRef = 2C7520571EC9045B00BD8204 /* UIAlertController+Quickie.m */; };
		2C75205C1EC905A300BD8204 /* SDLDispatchAfterCancellable.m in Sources */ = {isa = PBXBuildFile; fileRef = 2C75205B1EC905A300BD8204 /* SDLDispatchAfterCancellable.m */; };
/* End PBXBuildFile section */

/* Begin PBXFileReference section */
		2C7520231EC8DF8300BD8204 /* iTunesSearch.app */ = {isa = PBXFileReference; explicitFileType = wrapper.application; includeInIndex = 0; path = iTunesSearch.app; sourceTree = BUILT_PRODUCTS_DIR; };
		2C7520271EC8DF8300BD8204 /* main.m */ = {isa = PBXFileReference; lastKnownFileType = sourcecode.c.objc; path = main.m; sourceTree = "<group>"; };
		2C7520291EC8DF8300BD8204 /* AppDelegate.h */ = {isa = PBXFileReference; lastKnownFileType = sourcecode.c.h; path = AppDelegate.h; sourceTree = "<group>"; };
		2C75202A1EC8DF8400BD8204 /* AppDelegate.m */ = {isa = PBXFileReference; lastKnownFileType = sourcecode.c.objc; path = AppDelegate.m; sourceTree = "<group>"; };
		2C7520301EC8DF8400BD8204 /* Base */ = {isa = PBXFileReference; lastKnownFileType = file.storyboard; name = Base; path = Base.lproj/Main.storyboard; sourceTree = "<group>"; };
		2C7520321EC8DF8400BD8204 /* Assets.xcassets */ = {isa = PBXFileReference; lastKnownFileType = folder.assetcatalog; path = Assets.xcassets; sourceTree = "<group>"; };
		2C7520351EC8DF8400BD8204 /* Base */ = {isa = PBXFileReference; lastKnownFileType = file.storyboard; name = Base; path = Base.lproj/LaunchScreen.storyboard; sourceTree = "<group>"; };
		2C7520371EC8DF8400BD8204 /* Info.plist */ = {isa = PBXFileReference; lastKnownFileType = text.plist.xml; path = Info.plist; sourceTree = "<group>"; };
		2C7520431EC8E28B00BD8204 /* SDLiTunesObject.h */ = {isa = PBXFileReference; fileEncoding = 4; lastKnownFileType = sourcecode.c.h; path = SDLiTunesObject.h; sourceTree = "<group>"; };
		2C7520441EC8E28B00BD8204 /* SDLiTunesObject.m */ = {isa = PBXFileReference; fileEncoding = 4; lastKnownFileType = sourcecode.c.objc; path = SDLiTunesObject.m; sourceTree = "<group>"; };
		2C75204A1EC8E75100BD8204 /* SDLiTunesSearchResultCell.h */ = {isa = PBXFileReference; fileEncoding = 4; lastKnownFileType = sourcecode.c.h; path = SDLiTunesSearchResultCell.h; sourceTree = "<group>"; };
		2C75204B1EC8E75100BD8204 /* SDLiTunesSearchResultCell.m */ = {isa = PBXFileReference; fileEncoding = 4; lastKnownFileType = sourcecode.c.objc; path = SDLiTunesSearchResultCell.m; sourceTree = "<group>"; };
		2C75204D1EC8EB5A00BD8204 /* SDLiTunesSearchController.h */ = {isa = PBXFileReference; fileEncoding = 4; lastKnownFileType = sourcecode.c.h; path = SDLiTunesSearchController.h; sourceTree = "<group>"; };
		2C75204E1EC8EB5A00BD8204 /* SDLiTunesSearchController.m */ = {isa = PBXFileReference; fileEncoding = 4; lastKnownFileType = sourcecode.c.objc; path = SDLiTunesSearchController.m; sourceTree = "<group>"; };
		2C7520501EC8FD6000BD8204 /* SDLSearchViewController.h */ = {isa = PBXFileReference; fileEncoding = 4; lastKnownFileType = sourcecode.c.h; path = SDLSearchViewController.h; sourceTree = "<group>"; };
		2C7520511EC8FD6000BD8204 /* SDLSearchViewController.m */ = {isa = PBXFileReference; fileEncoding = 4; lastKnownFileType = sourcecode.c.objc; path = SDLSearchViewController.m; sourceTree = "<group>"; };
		2C7520531EC9012000BD8204 /* SDLCancellable.h */ = {isa = PBXFileReference; fileEncoding = 4; lastKnownFileType = sourcecode.c.h; path = SDLCancellable.h; sourceTree = "<group>"; };
		2C7520541EC9012000BD8204 /* SDLCancellable.m */ = {isa = PBXFileReference; fileEncoding = 4; lastKnownFileType = sourcecode.c.objc; path = SDLCancellable.m; sourceTree = "<group>"; };
		2C7520561EC9045B00BD8204 /* UIAlertController+Quickie.h */ = {isa = PBXFileReference; fileEncoding = 4; lastKnownFileType = sourcecode.c.h; path = "UIAlertController+Quickie.h"; sourceTree = "<group>"; };
		2C7520571EC9045B00BD8204 /* UIAlertController+Quickie.m */ = {isa = PBXFileReference; fileEncoding = 4; lastKnownFileType = sourcecode.c.objc; path = "UIAlertController+Quickie.m"; sourceTree = "<group>"; };
		2C75205A1EC905A300BD8204 /* SDLDispatchAfterCancellable.h */ = {isa = PBXFileReference; fileEncoding = 4; lastKnownFileType = sourcecode.c.h; path = SDLDispatchAfterCancellable.h; sourceTree = "<group>"; };
		2C75205B1EC905A300BD8204 /* SDLDispatchAfterCancellable.m */ = {isa = PBXFileReference; fileEncoding = 4; lastKnownFileType = sourcecode.c.objc; path = SDLDispatchAfterCancellable.m; sourceTree = "<group>"; };
/* End PBXFileReference section */

/* Begin PBXFrameworksBuildPhase section */
		2C7520201EC8DF8300BD8204 /* Frameworks */ = {
			isa = PBXFrameworksBuildPhase;
			buildActionMask = 2147483647;
			files = (
			);
			runOnlyForDeploymentPostprocessing = 0;
		};
/* End PBXFrameworksBuildPhase section */

/* Begin PBXGroup section */
		2C75201A1EC8DF8300BD8204 = {
			isa = PBXGroup;
			children = (
				2C7520251EC8DF8300BD8204 /* iTunesSearch */,
				2C7520241EC8DF8300BD8204 /* Products */,
			);
			sourceTree = "<group>";
		};
		2C7520241EC8DF8300BD8204 /* Products */ = {
			isa = PBXGroup;
			children = (
				2C7520231EC8DF8300BD8204 /* iTunesSearch.app */,
			);
			name = Products;
			sourceTree = "<group>";
		};
		2C7520251EC8DF8300BD8204 /* iTunesSearch */ = {
			isa = PBXGroup;
			children = (
				2C7520291EC8DF8300BD8204 /* AppDelegate.h */,
				2C75202A1EC8DF8400BD8204 /* AppDelegate.m */,
				2C7520481EC8E71C00BD8204 /* Third Party */,
				2C7520421EC8E23B00BD8204 /* Models */,
				2C75205E1EC910EA00BD8204 /* TableViewCells */,
				2C7520501EC8FD6000BD8204 /* SDLSearchViewController.h */,
				2C7520511EC8FD6000BD8204 /* SDLSearchViewController.m */,
				2C75204D1EC8EB5A00BD8204 /* SDLiTunesSearchController.h */,
				2C75204E1EC8EB5A00BD8204 /* SDLiTunesSearchController.m */,
				2C75202F1EC8DF8400BD8204 /* Main.storyboard */,
				2C7520321EC8DF8400BD8204 /* Assets.xcassets */,
				2C7520341EC8DF8400BD8204 /* LaunchScreen.storyboard */,
				2C7520371EC8DF8400BD8204 /* Info.plist */,
				2C7520261EC8DF8300BD8204 /* Supporting Files */,
			);
			path = iTunesSearch;
			sourceTree = "<group>";
		};
		2C7520261EC8DF8300BD8204 /* Supporting Files */ = {
			isa = PBXGroup;
			children = (
				2C7520271EC8DF8300BD8204 /* main.m */,
			);
			name = "Supporting Files";
			sourceTree = "<group>";
		};
		2C7520421EC8E23B00BD8204 /* Models */ = {
			isa = PBXGroup;
			children = (
				2C7520431EC8E28B00BD8204 /* SDLiTunesObject.h */,
				2C7520441EC8E28B00BD8204 /* SDLiTunesObject.m */,
				2C7520531EC9012000BD8204 /* SDLCancellable.h */,
				2C7520541EC9012000BD8204 /* SDLCancellable.m */,
			);
			name = Models;
			sourceTree = "<group>";
		};
		2C7520481EC8E71C00BD8204 /* Third Party */ = {
			isa = PBXGroup;
			children = (
				2C75205D1EC910BB00BD8204 /* SDLDispatchAfterCancellable */,
				2C7520591EC9045F00BD8204 /* UIAlertController+Quickie */,
			);
			name = "Third Party";
			sourceTree = "<group>";
		};
		2C7520591EC9045F00BD8204 /* UIAlertController+Quickie */ = {
			isa = PBXGroup;
			children = (
				2C7520561EC9045B00BD8204 /* UIAlertController+Quickie.h */,
				2C7520571EC9045B00BD8204 /* UIAlertController+Quickie.m */,
			);
			name = "UIAlertController+Quickie";
			sourceTree = "<group>";
		};
		2C75205D1EC910BB00BD8204 /* SDLDispatchAfterCancellable */ = {
			isa = PBXGroup;
			children = (
				2C75205A1EC905A300BD8204 /* SDLDispatchAfterCancellable.h */,
				2C75205B1EC905A300BD8204 /* SDLDispatchAfterCancellable.m */,
			);
			name = SDLDispatchAfterCancellable;
			sourceTree = "<group>";
		};
		2C75205E1EC910EA00BD8204 /* TableViewCells */ = {
			isa = PBXGroup;
			children = (
				2C75204A1EC8E75100BD8204 /* SDLiTunesSearchResultCell.h */,
				2C75204B1EC8E75100BD8204 /* SDLiTunesSearchResultCell.m */,
			);
			name = TableViewCells;
			sourceTree = "<group>";
		};
/* End PBXGroup section */

/* Begin PBXNativeTarget section */
		2C7520221EC8DF8300BD8204 /* iTunesSearch */ = {
			isa = PBXNativeTarget;
			buildConfigurationList = 2C75203A1EC8DF8400BD8204 /* Build configuration list for PBXNativeTarget "iTunesSearch" */;
			buildPhases = (
				2C75201F1EC8DF8300BD8204 /* Sources */,
				2C7520201EC8DF8300BD8204 /* Frameworks */,
				2C7520211EC8DF8300BD8204 /* Resources */,
			);
			buildRules = (
			);
			dependencies = (
			);
			name = iTunesSearch;
			productName = iTunesSearch;
			productReference = 2C7520231EC8DF8300BD8204 /* iTunesSearch.app */;
			productType = "com.apple.product-type.application";
		};
/* End PBXNativeTarget section */

/* Begin PBXProject section */
		2C75201B1EC8DF8300BD8204 /* Project object */ = {
			isa = PBXProject;
			attributes = {
				LastUpgradeCheck = 0830;
				ORGANIZATIONNAME = "Stephen Lindauer";
				TargetAttributes = {
					2C7520221EC8DF8300BD8204 = {
						CreatedOnToolsVersion = 8.3.2;
						DevelopmentTeam = 7QB7R3A88P;
						LastSwiftMigration = 0830;
						ProvisioningStyle = Automatic;
					};
				};
			};
			buildConfigurationList = 2C75201E1EC8DF8300BD8204 /* Build configuration list for PBXProject "iTunesSearch" */;
			compatibilityVersion = "Xcode 3.2";
			developmentRegion = English;
			hasScannedForEncodings = 0;
			knownRegions = (
				en,
				Base,
			);
			mainGroup = 2C75201A1EC8DF8300BD8204;
			productRefGroup = 2C7520241EC8DF8300BD8204 /* Products */;
			projectDirPath = "";
			projectRoot = "";
			targets = (
				2C7520221EC8DF8300BD8204 /* iTunesSearch */,
			);
		};
/* End PBXProject section */

/* Begin PBXResourcesBuildPhase section */
		2C7520211EC8DF8300BD8204 /* Resources */ = {
			isa = PBXResourcesBuildPhase;
			buildActionMask = 2147483647;
			files = (
				2C7520361EC8DF8400BD8204 /* LaunchScreen.storyboard in Resources */,
				2C7520331EC8DF8400BD8204 /* Assets.xcassets in Resources */,
				2C7520311EC8DF8400BD8204 /* Main.storyboard in Resources */,
			);
			runOnlyForDeploymentPostprocessing = 0;
		};
/* End PBXResourcesBuildPhase section */

/* Begin PBXSourcesBuildPhase section */
		2C75201F1EC8DF8300BD8204 /* Sources */ = {
			isa = PBXSourcesBuildPhase;
			buildActionMask = 2147483647;
			files = (
				2C7520551EC9012000BD8204 /* SDLCancellable.m in Sources */,
				2C7520521EC8FD6000BD8204 /* SDLSearchViewController.m in Sources */,
				2C75202B1EC8DF8400BD8204 /* AppDelegate.m in Sources */,
				2C75204C1EC8E75100BD8204 /* SDLiTunesSearchResultCell.m in Sources */,
				2C75204F1EC8EB5A00BD8204 /* SDLiTunesSearchController.m in Sources */,
				2C7520451EC8E28B00BD8204 /* SDLiTunesObject.m in Sources */,
				2C7520581EC9045B00BD8204 /* UIAlertController+Quickie.m in Sources */,
				2C75205C1EC905A300BD8204 /* SDLDispatchAfterCancellable.m in Sources */,
				2C7520281EC8DF8300BD8204 /* main.m in Sources */,
			);
			runOnlyForDeploymentPostprocessing = 0;
		};
/* End PBXSourcesBuildPhase section */

/* Begin PBXVariantGroup section */
		2C75202F1EC8DF8400BD8204 /* Main.storyboard */ = {
			isa = PBXVariantGroup;
			children = (
				2C7520301EC8DF8400BD8204 /* Base */,
			);
			name = Main.storyboard;
			sourceTree = "<group>";
		};
		2C7520341EC8DF8400BD8204 /* LaunchScreen.storyboard */ = {
			isa = PBXVariantGroup;
			children = (
				2C7520351EC8DF8400BD8204 /* Base */,
			);
			name = LaunchScreen.storyboard;
			sourceTree = "<group>";
		};
/* End PBXVariantGroup section */

/* Begin XCBuildConfiguration section */
		2C7520381EC8DF8400BD8204 /* Debug */ = {
			isa = XCBuildConfiguration;
			buildSettings = {
				ALWAYS_SEARCH_USER_PATHS = NO;
				CLANG_ANALYZER_NONNULL = YES;
				CLANG_ANALYZER_NUMBER_OBJECT_CONVERSION = YES_AGGRESSIVE;
				CLANG_CXX_LANGUAGE_STANDARD = "gnu++0x";
				CLANG_CXX_LIBRARY = "libc++";
				CLANG_ENABLE_MODULES = YES;
				CLANG_ENABLE_OBJC_ARC = YES;
				CLANG_WARN_BOOL_CONVERSION = YES;
				CLANG_WARN_CONSTANT_CONVERSION = YES;
				CLANG_WARN_DIRECT_OBJC_ISA_USAGE = YES_ERROR;
				CLANG_WARN_DOCUMENTATION_COMMENTS = YES;
				CLANG_WARN_EMPTY_BODY = YES;
				CLANG_WARN_ENUM_CONVERSION = YES;
				CLANG_WARN_INFINITE_RECURSION = YES;
				CLANG_WARN_INT_CONVERSION = YES;
				CLANG_WARN_OBJC_ROOT_CLASS = YES_ERROR;
				CLANG_WARN_SUSPICIOUS_MOVE = YES;
				CLANG_WARN_UNREACHABLE_CODE = YES;
				CLANG_WARN__DUPLICATE_METHOD_MATCH = YES;
				"CODE_SIGN_IDENTITY[sdk=iphoneos*]" = "iPhone Developer";
				COPY_PHASE_STRIP = NO;
				DEBUG_INFORMATION_FORMAT = dwarf;
				DEFINES_MODULE = YES;
				ENABLE_STRICT_OBJC_MSGSEND = YES;
				ENABLE_TESTABILITY = YES;
				GCC_C_LANGUAGE_STANDARD = gnu99;
				GCC_DYNAMIC_NO_PIC = NO;
				GCC_NO_COMMON_BLOCKS = YES;
				GCC_OPTIMIZATION_LEVEL = 0;
				GCC_PREPROCESSOR_DEFINITIONS = (
					"DEBUG=1",
					"$(inherited)",
				);
				GCC_WARN_64_TO_32_BIT_CONVERSION = YES;
				GCC_WARN_ABOUT_RETURN_TYPE = YES_ERROR;
				GCC_WARN_UNDECLARED_SELECTOR = YES;
				GCC_WARN_UNINITIALIZED_AUTOS = YES_AGGRESSIVE;
				GCC_WARN_UNUSED_FUNCTION = YES;
				GCC_WARN_UNUSED_VARIABLE = YES;
				IPHONEOS_DEPLOYMENT_TARGET = 10.3;
				MTL_ENABLE_DEBUG_INFO = YES;
				ONLY_ACTIVE_ARCH = YES;
				SDKROOT = iphoneos;
				TARGETED_DEVICE_FAMILY = "1,2";
			};
			name = Debug;
		};
		2C7520391EC8DF8400BD8204 /* Release */ = {
			isa = XCBuildConfiguration;
			buildSettings = {
				ALWAYS_SEARCH_USER_PATHS = NO;
				CLANG_ANALYZER_NONNULL = YES;
				CLANG_ANALYZER_NUMBER_OBJECT_CONVERSION = YES_AGGRESSIVE;
				CLANG_CXX_LANGUAGE_STANDARD = "gnu++0x";
				CLANG_CXX_LIBRARY = "libc++";
				CLANG_ENABLE_MODULES = YES;
				CLANG_ENABLE_OBJC_ARC = YES;
				CLANG_WARN_BOOL_CONVERSION = YES;
				CLANG_WARN_CONSTANT_CONVERSION = YES;
				CLANG_WARN_DIRECT_OBJC_ISA_USAGE = YES_ERROR;
				CLANG_WARN_DOCUMENTATION_COMMENTS = YES;
				CLANG_WARN_EMPTY_BODY = YES;
				CLANG_WARN_ENUM_CONVERSION = YES;
				CLANG_WARN_INFINITE_RECURSION = YES;
				CLANG_WARN_INT_CONVERSION = YES;
				CLANG_WARN_OBJC_ROOT_CLASS = YES_ERROR;
				CLANG_WARN_SUSPICIOUS_MOVE = YES;
				CLANG_WARN_UNREACHABLE_CODE = YES;
				CLANG_WARN__DUPLICATE_METHOD_MATCH = YES;
				"CODE_SIGN_IDENTITY[sdk=iphoneos*]" = "iPhone Developer";
				COPY_PHASE_STRIP = NO;
				DEBUG_INFORMATION_FORMAT = "dwarf-with-dsym";
				DEFINES_MODULE = YES;
				ENABLE_NS_ASSERTIONS = NO;
				ENABLE_STRICT_OBJC_MSGSEND = YES;
				GCC_C_LANGUAGE_STANDARD = gnu99;
				GCC_NO_COMMON_BLOCKS = YES;
				GCC_WARN_64_TO_32_BIT_CONVERSION = YES;
				GCC_WARN_ABOUT_RETURN_TYPE = YES_ERROR;
				GCC_WARN_UNDECLARED_SELECTOR = YES;
				GCC_WARN_UNINITIALIZED_AUTOS = YES_AGGRESSIVE;
				GCC_WARN_UNUSED_FUNCTION = YES;
				GCC_WARN_UNUSED_VARIABLE = YES;
				IPHONEOS_DEPLOYMENT_TARGET = 10.3;
				MTL_ENABLE_DEBUG_INFO = NO;
				SDKROOT = iphoneos;
				TARGETED_DEVICE_FAMILY = "1,2";
				VALIDATE_PRODUCT = YES;
			};
			name = Release;
		};
		2C75203B1EC8DF8400BD8204 /* Debug */ = {
			isa = XCBuildConfiguration;
			buildSettings = {
				ASSETCATALOG_COMPILER_APPICON_NAME = AppIcon;
				DEFINES_MODULE = YES;
				DEVELOPMENT_TEAM = 7QB7R3A88P;
				INFOPLIST_FILE = iTunesSearch/Info.plist;
				LD_RUNPATH_SEARCH_PATHS = "$(inherited) @executable_path/Frameworks";
				PRODUCT_BUNDLE_IDENTIFIER = com.lindauer.iTunesSearch;
				PRODUCT_NAME = "$(TARGET_NAME)";
				SWIFT_VERSION = 3.0;
			};
			name = Debug;
		};
		2C75203C1EC8DF8400BD8204 /* Release */ = {
			isa = XCBuildConfiguration;
			buildSettings = {
				ASSETCATALOG_COMPILER_APPICON_NAME = AppIcon;
				DEFINES_MODULE = YES;
				DEVELOPMENT_TEAM = 7QB7R3A88P;
				INFOPLIST_FILE = iTunesSearch/Info.plist;
				LD_RUNPATH_SEARCH_PATHS = "$(inherited) @executable_path/Frameworks";
				PRODUCT_BUNDLE_IDENTIFIER = com.lindauer.iTunesSearch;
				PRODUCT_NAME = "$(TARGET_NAME)";
				SWIFT_VERSION = 3.0;
			};
			name = Release;
		};
/* End XCBuildConfiguration section */

/* Begin XCConfigurationList section */
		2C75201E1EC8DF8300BD8204 /* Build configuration list for PBXProject "iTunesSearch" */ = {
			isa = XCConfigurationList;
			buildConfigurations = (
				2C7520381EC8DF8400BD8204 /* Debug */,
				2C7520391EC8DF8400BD8204 /* Release */,
			);
			defaultConfigurationIsVisible = 0;
			defaultConfigurationName = Release;
		};
		2C75203A1EC8DF8400BD8204 /* Build configuration list for PBXNativeTarget "iTunesSearch" */ = {
			isa = XCConfigurationList;
			buildConfigurations = (
				2C75203B1EC8DF8400BD8204 /* Debug */,
				2C75203C1EC8DF8400BD8204 /* Release */,
			);
			defaultConfigurationIsVisible = 0;
		};
/* End XCConfigurationList section */
	};
	rootObject = 2C75201B1EC8DF8300BD8204 /* Project object */;
}
